{
  "name": "cameo-workspace",
  "lockfileVersion": 3,
  "requires": true,
  "packages": {
    "": {
      "name": "cameo-workspace",
      "devDependencies": {
        "@tabler/icons": "3.48.0"
      }
    },
    "node_modules/@tabler/icons": {
      "version": "3.48.0",
      "resolved": "https://registry.npmjs.org/@tabler/icons/-/icons-3.48.0.tgz",
      "integrity": "sha512-lQk06gVHNVBnJp0UOgtth54mcZBJM7rdYKsAxKOProj1bbSAx+/xiuOWfHlyvgdL3M+Y+I0HINrjHa3ygp8eXQ==",
      "dev": true,
      "license": "MIT",
      "funding": {
        "type": "github",
        "url": "https://github.com/sponsors/codecalm"
      }
    }
  }
}
